// !$*UTF8*$!
{
	archiveVersion = 1;
	classes = {
	};
	objectVersion = 56;
	objects = {

/* Begin PBXBuildFile section */
		0D28157E2C0B9DC000032A8F /* Assets.xcassets in Resources */ = {isa = PBXBuildFile; fileRef = 0D28157D2C0B9DC000032A8F /* Assets.xcassets */; };
		0D2815812C0B9DC000032A8F /* Preview Assets.xcassets in Resources */ = {isa = PBXBuildFile; fileRef = 0D2815802C0B9DC000032A8F /* Preview Assets.xcassets */; };
		0D2815952C0B9DEC00032A8F /* MapViewRepresentable.swift in Sources */ = {isa = PBXBuildFile; fileRef = 0D2815872C0B9DEC00032A8F /* MapViewRepresentable.swift */; };
		0D2815962C0B9DEC00032A8F /* UIButtonView.swift in Sources */ = {isa = PBXBuildFile; fileRef = 0D2815882C0B9DEC00032A8F /* UIButtonView.swift */; };
		0D2815972C0B9DEC00032A8F /* DataStructures.swift in Sources */ = {isa = PBXBuildFile; fileRef = 0D28158A2C0B9DEC00032A8F /* DataStructures.swift */; };
		0D2815982C0B9DEC00032A8F /* Functions.swift in Sources */ = {isa = PBXBuildFile; fileRef = 0D28158B2C0B9DEC00032A8F /* Functions.swift */; };
		0D2815992C0B9DEC00032A8F /* MapTabView.swift in Sources */ = {isa = PBXBuildFile; fileRef = 0D28158D2C0B9DEC00032A8F /* MapTabView.swift */; };
		0D28159A2C0B9DEC00032A8F /* UIC_ExploreApp.swift in Sources */ = {isa = PBXBuildFile; fileRef = 0D28158F2C0B9DEC00032A8F /* UIC_ExploreApp.swift */; };
		0D28159B2C0B9DEC00032A8F /* ContentView.swift in Sources */ = {isa = PBXBuildFile; fileRef = 0D2815902C0B9DEC00032A8F /* ContentView.swift */; };
		0D28159C2C0B9DEC00032A8F /* mockBuildings.json in Resources */ = {isa = PBXBuildFile; fileRef = 0D2815912C0B9DEC00032A8F /* mockBuildings.json */; };
		0D28159D2C0B9DEC00032A8F /* mockPlaces.json in Resources */ = {isa = PBXBuildFile; fileRef = 0D2815922C0B9DEC00032A8F /* mockPlaces.json */; };
		0D28159E2C0B9DEC00032A8F /* mockPlacesByCategory.json in Resources */ = {isa = PBXBuildFile; fileRef = 0D2815932C0B9DEC00032A8F /* mockPlacesByCategory.json */; };
		0D2815A12C0C1E8200032A8F /* DetailsView.swift in Sources */ = {isa = PBXBuildFile; fileRef = 0D2815A02C0C1E8200032A8F /* DetailsView.swift */; };
		0D2815A32C0C1EDD00032A8F /* TestingData.swift in Sources */ = {isa = PBXBuildFile; fileRef = 0D2815A22C0C1EDD00032A8F /* TestingData.swift */; };
		0D42AE4C2C0D5AB400ACB243 /* PlaceCardView.swift in Sources */ = {isa = PBXBuildFile; fileRef = 0D42AE4B2C0D5AB400ACB243 /* PlaceCardView.swift */; };
		0D670B922C0DEF25008C9E76 /* SearchView.swift in Sources */ = {isa = PBXBuildFile; fileRef = 0D670B912C0DEF25008C9E76 /* SearchView.swift */; };
		0D670B942C0DF046008C9E76 /* SingleSearchResultView.swift in Sources */ = {isa = PBXBuildFile; fileRef = 0D670B932C0DF046008C9E76 /* SingleSearchResultView.swift */; };
		0D670B962C0DF24D008C9E76 /* ColoredUIButtonView.swift in Sources */ = {isa = PBXBuildFile; fileRef = 0D670B952C0DF24D008C9E76 /* ColoredUIButtonView.swift */; };
		0D7A69CA2C0EC13200B3825D /* uicBuildings.json in Resources */ = {isa = PBXBuildFile; fileRef = 0D7A69C82C0EC13200B3825D /* uicBuildings.json */; };
		0D7A69CB2C0EC13200B3825D /* uicPlaces.json in Resources */ = {isa = PBXBuildFile; fileRef = 0D7A69C92C0EC13200B3825D /* uicPlaces.json */; };
		0DFA55272C0E448A008E4D05 /* DirectoryTabView.swift in Sources */ = {isa = PBXBuildFile; fileRef = 0DFA55262C0E448A008E4D05 /* DirectoryTabView.swift */; };
/* End PBXBuildFile section */

/* Begin PBXFileReference section */
		0D2815762C0B9DBF00032A8F /* UIC Explore.app */ = {isa = PBXFileReference; explicitFileType = wrapper.application; includeInIndex = 0; path = "UIC Explore.app"; sourceTree = BUILT_PRODUCTS_DIR; };
		0D28157D2C0B9DC000032A8F /* Assets.xcassets */ = {isa = PBXFileReference; lastKnownFileType = folder.assetcatalog; path = Assets.xcassets; sourceTree = "<group>"; };
		0D2815802C0B9DC000032A8F /* Preview Assets.xcassets */ = {isa = PBXFileReference; lastKnownFileType = folder.assetcatalog; path = "Preview Assets.xcassets"; sourceTree = "<group>"; };
		0D2815872C0B9DEC00032A8F /* MapViewRepresentable.swift */ = {isa = PBXFileReference; fileEncoding = 4; lastKnownFileType = sourcecode.swift; path = MapViewRepresentable.swift; sourceTree = "<group>"; };
		0D2815882C0B9DEC00032A8F /* UIButtonView.swift */ = {isa = PBXFileReference; fileEncoding = 4; lastKnownFileType = sourcecode.swift; path = UIButtonView.swift; sourceTree = "<group>"; };
		0D28158A2C0B9DEC00032A8F /* DataStructures.swift */ = {isa = PBXFileReference; fileEncoding = 4; lastKnownFileType = sourcecode.swift; path = DataStructures.swift; sourceTree = "<group>"; };
		0D28158B2C0B9DEC00032A8F /* Functions.swift */ = {isa = PBXFileReference; fileEncoding = 4; lastKnownFileType = sourcecode.swift; path = Functions.swift; sourceTree = "<group>"; };
		0D28158D2C0B9DEC00032A8F /* MapTabView.swift */ = {isa = PBXFileReference; fileEncoding = 4; lastKnownFileType = sourcecode.swift; path = MapTabView.swift; sourceTree = "<group>"; };
		0D28158F2C0B9DEC00032A8F /* UIC_ExploreApp.swift */ = {isa = PBXFileReference; fileEncoding = 4; lastKnownFileType = sourcecode.swift; path = UIC_ExploreApp.swift; sourceTree = "<group>"; };
		0D2815902C0B9DEC00032A8F /* ContentView.swift */ = {isa = PBXFileReference; fileEncoding = 4; lastKnownFileType = sourcecode.swift; path = ContentView.swift; sourceTree = "<group>"; };
		0D2815912C0B9DEC00032A8F /* mockBuildings.json */ = {isa = PBXFileReference; fileEncoding = 4; lastKnownFileType = text.json; path = mockBuildings.json; sourceTree = "<group>"; };
		0D2815922C0B9DEC00032A8F /* mockPlaces.json */ = {isa = PBXFileReference; fileEncoding = 4; lastKnownFileType = text.json; path = mockPlaces.json; sourceTree = "<group>"; };
		0D2815932C0B9DEC00032A8F /* mockPlacesByCategory.json */ = {isa = PBXFileReference; fileEncoding = 4; lastKnownFileType = text.json; path = mockPlacesByCategory.json; sourceTree = "<group>"; };
		0D2815A02C0C1E8200032A8F /* DetailsView.swift */ = {isa = PBXFileReference; lastKnownFileType = sourcecode.swift; path = DetailsView.swift; sourceTree = "<group>"; };
		0D2815A22C0C1EDD00032A8F /* TestingData.swift */ = {isa = PBXFileReference; lastKnownFileType = sourcecode.swift; path = TestingData.swift; sourceTree = "<group>"; };
		0D42AE4B2C0D5AB400ACB243 /* PlaceCardView.swift */ = {isa = PBXFileReference; lastKnownFileType = sourcecode.swift; path = PlaceCardView.swift; sourceTree = "<group>"; };
		0D670B912C0DEF25008C9E76 /* SearchView.swift */ = {isa = PBXFileReference; lastKnownFileType = sourcecode.swift; path = SearchView.swift; sourceTree = "<group>"; };
		0D670B932C0DF046008C9E76 /* SingleSearchResultView.swift */ = {isa = PBXFileReference; lastKnownFileType = sourcecode.swift; path = SingleSearchResultView.swift; sourceTree = "<group>"; };
		0D670B952C0DF24D008C9E76 /* ColoredUIButtonView.swift */ = {isa = PBXFileReference; lastKnownFileType = sourcecode.swift; path = ColoredUIButtonView.swift; sourceTree = "<group>"; };
		0D7A69C82C0EC13200B3825D /* uicBuildings.json */ = {isa = PBXFileReference; fileEncoding = 4; lastKnownFileType = text.json; path = uicBuildings.json; sourceTree = "<group>"; };
		0D7A69C92C0EC13200B3825D /* uicPlaces.json */ = {isa = PBXFileReference; fileEncoding = 4; lastKnownFileType = text.json; path = uicPlaces.json; sourceTree = "<group>"; };
		0DFA55262C0E448A008E4D05 /* DirectoryTabView.swift */ = {isa = PBXFileReference; lastKnownFileType = sourcecode.swift; path = DirectoryTabView.swift; sourceTree = "<group>"; };
/* End PBXFileReference section */

/* Begin PBXFrameworksBuildPhase section */
		0D2815732C0B9DBF00032A8F /* Frameworks */ = {
			isa = PBXFrameworksBuildPhase;
			buildActionMask = 2147483647;
			files = (
			);
			runOnlyForDeploymentPostprocessing = 0;
		};
/* End PBXFrameworksBuildPhase section */

/* Begin PBXGroup section */
		0D28156D2C0B9DBF00032A8F = {
			isa = PBXGroup;
			children = (
				0D2815782C0B9DBF00032A8F /* UIC Explore */,
				0D2815772C0B9DBF00032A8F /* Products */,
			);
			sourceTree = "<group>";
		};
		0D2815772C0B9DBF00032A8F /* Products */ = {
			isa = PBXGroup;
			children = (
				0D2815762C0B9DBF00032A8F /* UIC Explore.app */,
			);
			name = Products;
			sourceTree = "<group>";
		};
		0D2815782C0B9DBF00032A8F /* UIC Explore */ = {
			isa = PBXGroup;
			children = (
				0D2815902C0B9DEC00032A8F /* ContentView.swift */,
				0D28159F2C0C1E6500032A8F /* SheetViews */,
				0D7A69C72C0EC12500B3825D /* ProductionData */,
				0D28158C2C0B9DEC00032A8F /* Logic */,
				0D2815942C0B9DEC00032A8F /* MockData */,
				0D2815892C0B9DEC00032A8F /* SubViews */,
				0D28158E2C0B9DEC00032A8F /* TabViews */,
				0D28158F2C0B9DEC00032A8F /* UIC_ExploreApp.swift */,
				0D28157D2C0B9DC000032A8F /* Assets.xcassets */,
				0D28157F2C0B9DC000032A8F /* Preview Content */,
			);
			path = "UIC Explore";
			sourceTree = "<group>";
		};
		0D28157F2C0B9DC000032A8F /* Preview Content */ = {
			isa = PBXGroup;
			children = (
				0D2815802C0B9DC000032A8F /* Preview Assets.xcassets */,
			);
			path = "Preview Content";
			sourceTree = "<group>";
		};
		0D2815892C0B9DEC00032A8F /* SubViews */ = {
			isa = PBXGroup;
			children = (
				0D2815872C0B9DEC00032A8F /* MapViewRepresentable.swift */,
				0D670B952C0DF24D008C9E76 /* ColoredUIButtonView.swift */,
				0D42AE4B2C0D5AB400ACB243 /* PlaceCardView.swift */,
				0D2815882C0B9DEC00032A8F /* UIButtonView.swift */,
				0D670B932C0DF046008C9E76 /* SingleSearchResultView.swift */,
			);
			path = SubViews;
			sourceTree = "<group>";
		};
		0D28158C2C0B9DEC00032A8F /* Logic */ = {
			isa = PBXGroup;
			children = (
				0D28158A2C0B9DEC00032A8F /* DataStructures.swift */,
				0D28158B2C0B9DEC00032A8F /* Functions.swift */,
			);
			path = Logic;
			sourceTree = "<group>";
		};
		0D28158E2C0B9DEC00032A8F /* TabViews */ = {
			isa = PBXGroup;
			children = (
				0D28158D2C0B9DEC00032A8F /* MapTabView.swift */,
				0DFA55262C0E448A008E4D05 /* DirectoryTabView.swift */,
			);
			path = TabViews;
			sourceTree = "<group>";
		};
		0D2815942C0B9DEC00032A8F /* MockData */ = {
			isa = PBXGroup;
			children = (
				0D2815912C0B9DEC00032A8F /* mockBuildings.json */,
				0D2815922C0B9DEC00032A8F /* mockPlaces.json */,
				0D2815932C0B9DEC00032A8F /* mockPlacesByCategory.json */,
				0D2815A22C0C1EDD00032A8F /* TestingData.swift */,
			);
			path = MockData;
			sourceTree = "<group>";
		};
		0D28159F2C0C1E6500032A8F /* SheetViews */ = {
			isa = PBXGroup;
			children = (
				0D2815A02C0C1E8200032A8F /* DetailsView.swift */,
				0D670B912C0DEF25008C9E76 /* SearchView.swift */,
			);
			path = SheetViews;
			sourceTree = "<group>";
		};
		0D7A69C72C0EC12500B3825D /* ProductionData */ = {
			isa = PBXGroup;
			children = (
				0D7A69C82C0EC13200B3825D /* uicBuildings.json */,
				0D7A69C92C0EC13200B3825D /* uicPlaces.json */,
			);
			path = ProductionData;
			sourceTree = "<group>";
		};
/* End PBXGroup section */

/* Begin PBXNativeTarget section */
		0D2815752C0B9DBF00032A8F /* UIC Explore */ = {
			isa = PBXNativeTarget;
			buildConfigurationList = 0D2815842C0B9DC000032A8F /* Build configuration list for PBXNativeTarget "UIC Explore" */;
			buildPhases = (
				0D2815722C0B9DBF00032A8F /* Sources */,
				0D2815732C0B9DBF00032A8F /* Frameworks */,
				0D2815742C0B9DBF00032A8F /* Resources */,
			);
			buildRules = (
			);
			dependencies = (
			);
			name = "UIC Explore";
			productName = "UIC Explore";
			productReference = 0D2815762C0B9DBF00032A8F /* UIC Explore.app */;
			productType = "com.apple.product-type.application";
		};
/* End PBXNativeTarget section */

/* Begin PBXProject section */
		0D28156E2C0B9DBF00032A8F /* Project object */ = {
			isa = PBXProject;
			attributes = {
				BuildIndependentTargetsInParallel = 1;
				LastSwiftUpdateCheck = 1540;
				LastUpgradeCheck = 1540;
				TargetAttributes = {
					0D2815752C0B9DBF00032A8F = {
						CreatedOnToolsVersion = 15.4;
						LastSwiftMigration = 1540;
					};
				};
			};
			buildConfigurationList = 0D2815712C0B9DBF00032A8F /* Build configuration list for PBXProject "UIC Explore" */;
			compatibilityVersion = "Xcode 14.0";
			developmentRegion = en;
			hasScannedForEncodings = 0;
			knownRegions = (
				en,
				Base,
			);
			mainGroup = 0D28156D2C0B9DBF00032A8F;
			productRefGroup = 0D2815772C0B9DBF00032A8F /* Products */;
			projectDirPath = "";
			projectRoot = "";
			targets = (
				0D2815752C0B9DBF00032A8F /* UIC Explore */,
			);
		};
/* End PBXProject section */

/* Begin PBXResourcesBuildPhase section */
		0D2815742C0B9DBF00032A8F /* Resources */ = {
			isa = PBXResourcesBuildPhase;
			buildActionMask = 2147483647;
			files = (
				0D2815812C0B9DC000032A8F /* Preview Assets.xcassets in Resources */,
				0D28159D2C0B9DEC00032A8F /* mockPlaces.json in Resources */,
				0D28159C2C0B9DEC00032A8F /* mockBuildings.json in Resources */,
				0D28159E2C0B9DEC00032A8F /* mockPlacesByCategory.json in Resources */,
				0D28157E2C0B9DC000032A8F /* Assets.xcassets in Resources */,
				0D7A69CA2C0EC13200B3825D /* uicBuildings.json in Resources */,
				0D7A69CB2C0EC13200B3825D /* uicPlaces.json in Resources */,
			);
			runOnlyForDeploymentPostprocessing = 0;
		};
/* End PBXResourcesBuildPhase section */

/* Begin PBXSourcesBuildPhase section */
		0D2815722C0B9DBF00032A8F /* Sources */ = {
			isa = PBXSourcesBuildPhase;
			buildActionMask = 2147483647;
			files = (
				0D2815972C0B9DEC00032A8F /* DataStructures.swift in Sources */,
				0D28159A2C0B9DEC00032A8F /* UIC_ExploreApp.swift in Sources */,
				0D28159B2C0B9DEC00032A8F /* ContentView.swift in Sources */,
				0D2815962C0B9DEC00032A8F /* UIButtonView.swift in Sources */,
				0D2815952C0B9DEC00032A8F /* MapViewRepresentable.swift in Sources */,
				0D670B942C0DF046008C9E76 /* SingleSearchResultView.swift in Sources */,
				0D2815A12C0C1E8200032A8F /* DetailsView.swift in Sources */,
				0D42AE4C2C0D5AB400ACB243 /* PlaceCardView.swift in Sources */,
				0D670B962C0DF24D008C9E76 /* ColoredUIButtonView.swift in Sources */,
				0D2815982C0B9DEC00032A8F /* Functions.swift in Sources */,
				0DFA55272C0E448A008E4D05 /* DirectoryTabView.swift in Sources */,
				0D2815992C0B9DEC00032A8F /* MapTabView.swift in Sources */,
				0D2815A32C0C1EDD00032A8F /* TestingData.swift in Sources */,
				0D670B922C0DEF25008C9E76 /* SearchView.swift in Sources */,
			);
			runOnlyForDeploymentPostprocessing = 0;
		};
/* End PBXSourcesBuildPhase section */

/* Begin XCBuildConfiguration section */
		0D2815822C0B9DC000032A8F /* Debug */ = {
			isa = XCBuildConfiguration;
			buildSettings = {
				ALWAYS_SEARCH_USER_PATHS = NO;
				ASSETCATALOG_COMPILER_GENERATE_SWIFT_ASSET_SYMBOL_EXTENSIONS = YES;
				CLANG_ANALYZER_NONNULL = YES;
				CLANG_ANALYZER_NUMBER_OBJECT_CONVERSION = YES_AGGRESSIVE;
				CLANG_CXX_LANGUAGE_STANDARD = "gnu++20";
				CLANG_ENABLE_MODULES = YES;
				CLANG_ENABLE_OBJC_ARC = YES;
				CLANG_ENABLE_OBJC_WEAK = YES;
				CLANG_WARN_BLOCK_CAPTURE_AUTORELEASING = YES;
				CLANG_WARN_BOOL_CONVERSION = YES;
				CLANG_WARN_COMMA = YES;
				CLANG_WARN_CONSTANT_CONVERSION = YES;
				CLANG_WARN_DEPRECATED_OBJC_IMPLEMENTATIONS = YES;
				CLANG_WARN_DIRECT_OBJC_ISA_USAGE = YES_ERROR;
				CLANG_WARN_DOCUMENTATION_COMMENTS = YES;
				CLANG_WARN_EMPTY_BODY = YES;
				CLANG_WARN_ENUM_CONVERSION = YES;
				CLANG_WARN_INFINITE_RECURSION = YES;
				CLANG_WARN_INT_CONVERSION = YES;
				CLANG_WARN_NON_LITERAL_NULL_CONVERSION = YES;
				CLANG_WARN_OBJC_IMPLICIT_RETAIN_SELF = YES;
				CLANG_WARN_OBJC_LITERAL_CONVERSION = YES;
				CLANG_WARN_OBJC_ROOT_CLASS = YES_ERROR;
				CLANG_WARN_QUOTED_INCLUDE_IN_FRAMEWORK_HEADER = YES;
				CLANG_WARN_RANGE_LOOP_ANALYSIS = YES;
				CLANG_WARN_STRICT_PROTOTYPES = YES;
				CLANG_WARN_SUSPICIOUS_MOVE = YES;
				CLANG_WARN_UNGUARDED_AVAILABILITY = YES_AGGRESSIVE;
				CLANG_WARN_UNREACHABLE_CODE = YES;
				CLANG_WARN__DUPLICATE_METHOD_MATCH = YES;
				COPY_PHASE_STRIP = NO;
				DEBUG_INFORMATION_FORMAT = dwarf;
				ENABLE_STRICT_OBJC_MSGSEND = YES;
				ENABLE_TESTABILITY = YES;
				ENABLE_USER_SCRIPT_SANDBOXING = YES;
				GCC_C_LANGUAGE_STANDARD = gnu17;
				GCC_DYNAMIC_NO_PIC = NO;
				GCC_NO_COMMON_BLOCKS = YES;
				GCC_OPTIMIZATION_LEVEL = 0;
				GCC_PREPROCESSOR_DEFINITIONS = (
					"DEBUG=1",
					"$(inherited)",
				);
				GCC_WARN_64_TO_32_BIT_CONVERSION = YES;
				GCC_WARN_ABOUT_RETURN_TYPE = YES_ERROR;
				GCC_WARN_UNDECLARED_SELECTOR = YES;
				GCC_WARN_UNINITIALIZED_AUTOS = YES_AGGRESSIVE;
				GCC_WARN_UNUSED_FUNCTION = YES;
				GCC_WARN_UNUSED_VARIABLE = YES;
				IPHONEOS_DEPLOYMENT_TARGET = 17.5;
				LOCALIZATION_PREFERS_STRING_CATALOGS = YES;
				MTL_ENABLE_DEBUG_INFO = INCLUDE_SOURCE;
				MTL_FAST_MATH = YES;
				ONLY_ACTIVE_ARCH = YES;
				SDKROOT = iphoneos;
				SWIFT_ACTIVE_COMPILATION_CONDITIONS = "DEBUG $(inherited)";
				SWIFT_OPTIMIZATION_LEVEL = "-Onone";
			};
			name = Debug;
		};
		0D2815832C0B9DC000032A8F /* Release */ = {
			isa = XCBuildConfiguration;
			buildSettings = {
				ALWAYS_SEARCH_USER_PATHS = NO;
				ASSETCATALOG_COMPILER_GENERATE_SWIFT_ASSET_SYMBOL_EXTENSIONS = YES;
				CLANG_ANALYZER_NONNULL = YES;
				CLANG_ANALYZER_NUMBER_OBJECT_CONVERSION = YES_AGGRESSIVE;
				CLANG_CXX_LANGUAGE_STANDARD = "gnu++20";
				CLANG_ENABLE_MODULES = YES;
				CLANG_ENABLE_OBJC_ARC = YES;
				CLANG_ENABLE_OBJC_WEAK = YES;
				CLANG_WARN_BLOCK_CAPTURE_AUTORELEASING = YES;
				CLANG_WARN_BOOL_CONVERSION = YES;
				CLANG_WARN_COMMA = YES;
				CLANG_WARN_CONSTANT_CONVERSION = YES;
				CLANG_WARN_DEPRECATED_OBJC_IMPLEMENTATIONS = YES;
				CLANG_WARN_DIRECT_OBJC_ISA_USAGE = YES_ERROR;
				CLANG_WARN_DOCUMENTATION_COMMENTS = YES;
				CLANG_WARN_EMPTY_BODY = YES;
				CLANG_WARN_ENUM_CONVERSION = YES;
				CLANG_WARN_INFINITE_RECURSION = YES;
				CLANG_WARN_INT_CONVERSION = YES;
				CLANG_WARN_NON_LITERAL_NULL_CONVERSION = YES;
				CLANG_WARN_OBJC_IMPLICIT_RETAIN_SELF = YES;
				CLANG_WARN_OBJC_LITERAL_CONVERSION = YES;
				CLANG_WARN_OBJC_ROOT_CLASS = YES_ERROR;
				CLANG_WARN_QUOTED_INCLUDE_IN_FRAMEWORK_HEADER = YES;
				CLANG_WARN_RANGE_LOOP_ANALYSIS = YES;
				CLANG_WARN_STRICT_PROTOTYPES = YES;
				CLANG_WARN_SUSPICIOUS_MOVE = YES;
				CLANG_WARN_UNGUARDED_AVAILABILITY = YES_AGGRESSIVE;
				CLANG_WARN_UNREACHABLE_CODE = YES;
				CLANG_WARN__DUPLICATE_METHOD_MATCH = YES;
				COPY_PHASE_STRIP = NO;
				DEBUG_INFORMATION_FORMAT = "dwarf-with-dsym";
				ENABLE_NS_ASSERTIONS = NO;
				ENABLE_STRICT_OBJC_MSGSEND = YES;
				ENABLE_USER_SCRIPT_SANDBOXING = YES;
				GCC_C_LANGUAGE_STANDARD = gnu17;
				GCC_NO_COMMON_BLOCKS = YES;
				GCC_WARN_64_TO_32_BIT_CONVERSION = YES;
				GCC_WARN_ABOUT_RETURN_TYPE = YES_ERROR;
				GCC_WARN_UNDECLARED_SELECTOR = YES;
				GCC_WARN_UNINITIALIZED_AUTOS = YES_AGGRESSIVE;
				GCC_WARN_UNUSED_FUNCTION = YES;
				GCC_WARN_UNUSED_VARIABLE = YES;
				IPHONEOS_DEPLOYMENT_TARGET = 17.5;
				LOCALIZATION_PREFERS_STRING_CATALOGS = YES;
				MTL_ENABLE_DEBUG_INFO = NO;
				MTL_FAST_MATH = YES;
				SDKROOT = iphoneos;
				SWIFT_COMPILATION_MODE = wholemodule;
				VALIDATE_PRODUCT = YES;
			};
			name = Release;
		};
		0D2815852C0B9DC000032A8F /* Debug */ = {
			isa = XCBuildConfiguration;
			buildSettings = {
				ASSETCATALOG_COMPILER_APPICON_NAME = AppIcon;
				ASSETCATALOG_COMPILER_GLOBAL_ACCENT_COLOR_NAME = AccentColor;
				CLANG_ENABLE_MODULES = YES;
				CODE_SIGN_STYLE = Automatic;
				CURRENT_PROJECT_VERSION = 1;
				DEVELOPMENT_ASSET_PATHS = "\"UIC Explore/Preview Content\"";
				DEVELOPMENT_TEAM = 4VY9597K6N;
				ENABLE_PREVIEWS = YES;
				GENERATE_INFOPLIST_FILE = YES;
				INFOPLIST_KEY_LSApplicationCategoryType = "public.app-category.navigation";
				INFOPLIST_KEY_UIApplicationSceneManifest_Generation = YES;
				INFOPLIST_KEY_UIApplicationSupportsIndirectInputEvents = YES;
				INFOPLIST_KEY_UILaunchScreen_Generation = YES;
				INFOPLIST_KEY_UISupportedInterfaceOrientations_iPad = "UIInterfaceOrientationPortrait UIInterfaceOrientationPortraitUpsideDown UIInterfaceOrientationLandscapeLeft UIInterfaceOrientationLandscapeRight";
				INFOPLIST_KEY_UISupportedInterfaceOrientations_iPhone = "UIInterfaceOrientationPortrait UIInterfaceOrientationLandscapeLeft UIInterfaceOrientationLandscapeRight";
				LD_RUNPATH_SEARCH_PATHS = (
					"$(inherited)",
					"@executable_path/Frameworks",
				);
				MARKETING_VERSION = 1.0;
				PRODUCT_BUNDLE_IDENTIFIER = "jovanitrejo.UIC-Explore";
				PRODUCT_NAME = "$(TARGET_NAME)";
				SWIFT_EMIT_LOC_STRINGS = YES;
				SWIFT_OPTIMIZATION_LEVEL = "-Onone";
				SWIFT_VERSION = 5.0;
				TARGETED_DEVICE_FAMILY = "1,2";
			};
			name = Debug;
		};
		0D2815862C0B9DC000032A8F /* Release */ = {
			isa = XCBuildConfiguration;
			buildSettings = {
				ASSETCATALOG_COMPILER_APPICON_NAME = AppIcon;
				ASSETCATALOG_COMPILER_GLOBAL_ACCENT_COLOR_NAME = AccentColor;
				CLANG_ENABLE_MODULES = YES;
				CODE_SIGN_STYLE = Automatic;
				CURRENT_PROJECT_VERSION = 1;
				DEVELOPMENT_ASSET_PATHS = "\"UIC Explore/Preview Content\"";
				DEVELOPMENT_TEAM = 4VY9597K6N;
				ENABLE_PREVIEWS = YES;
				GENERATE_INFOPLIST_FILE = YES;
				INFOPLIST_KEY_LSApplicationCategoryType = "public.app-category.navigation";
				INFOPLIST_KEY_UIApplicationSceneManifest_Generation = YES;
				INFOPLIST_KEY_UIApplicationSupportsIndirectInputEvents = YES;
				INFOPLIST_KEY_UILaunchScreen_Generation = YES;
				INFOPLIST_KEY_UISupportedInterfaceOrientations_iPad = "UIInterfaceOrientationPortrait UIInterfaceOrientationPortraitUpsideDown UIInterfaceOrientationLandscapeLeft UIInterfaceOrientationLandscapeRight";
				INFOPLIST_KEY_UISupportedInterfaceOrientations_iPhone = "UIInterfaceOrientationPortrait UIInterfaceOrientationLandscapeLeft UIInterfaceOrientationLandscapeRight";
				LD_RUNPATH_SEARCH_PATHS = (
					"$(inherited)",
					"@executable_path/Frameworks",
				);
				MARKETING_VERSION = 1.0;
				PRODUCT_BUNDLE_IDENTIFIER = "jovanitrejo.UIC-Explore";
				PRODUCT_NAME = "$(TARGET_NAME)";
				SWIFT_EMIT_LOC_STRINGS = YES;
				SWIFT_VERSION = 5.0;
				TARGETED_DEVICE_FAMILY = "1,2";
			};
			name = Release;
		};
/* End XCBuildConfiguration section */

/* Begin XCConfigurationList section */
		0D2815712C0B9DBF00032A8F /* Build configuration list for PBXProject "UIC Explore" */ = {
			isa = XCConfigurationList;
			buildConfigurations = (
				0D2815822C0B9DC000032A8F /* Debug */,
				0D2815832C0B9DC000032A8F /* Release */,
			);
			defaultConfigurationIsVisible = 0;
			defaultConfigurationName = Release;
		};
		0D2815842C0B9DC000032A8F /* Build configuration list for PBXNativeTarget "UIC Explore" */ = {
			isa = XCConfigurationList;
			buildConfigurations = (
				0D2815852C0B9DC000032A8F /* Debug */,
				0D2815862C0B9DC000032A8F /* Release */,
			);
			defaultConfigurationIsVisible = 0;
			defaultConfigurationName = Release;
		};
/* End XCConfigurationList section */
	};
	rootObject = 0D28156E2C0B9DBF00032A8F /* Project object */;
}
